<Solution>
  <Folder Name="/方案項目/">
    <File Path=".gitignore" />
    <File Path="README.md" />
  </Folder>
  <Folder Name="/方案項目/ADR/">
    <File Path="docs/adr/ADR-0001.md" />
    <File Path="docs/adr/ADR-0002.md" />
  </Folder>
  <Project Path="ReportPipeline.Api.Tests/ReportPipeline.Api.Tests.csproj" />
  <Project Path="ReportPipeline.Api/ReportPipeline.Api.csproj" />
</Solution>
